
Microsoft Visual Studio Solution File, Format Version 12.00
# Visual Studio Version 17
VisualStudioVersion = 17.8.34408.163
MinimumVisualStudioVersion = 10.0.40219.1
Project("{FAE04EC0-301F-11D3-BF4B-00C04F79EFBC}") = "LeaveManagement.Web", "LeaveManagement.Web\LeaveManagement.Web.csproj", "{D76D9BC4-18F1-4CAF-8332-BADBA3E0B80A}"
EndProject
Global
	GlobalSection(SolutionConfigurationPlatforms) = preSolution
		Debug|Any CPU = Debug|Any CPU
		Release|Any CPU = Release|Any CPU
	EndGlobalSection
	GlobalSection(ProjectConfigurationPlatforms) = postSolution
		{D76D9BC4-18F1-4CAF-8332-BADBA3E0B80A}.Debug|Any CPU.ActiveCfg = Debug|Any CPU
		{D76D9BC4-18F1-4CAF-8332-BADBA3E0B80A}.Debug|Any CPU.Build.0 = Debug|Any CPU
		{D76D9BC4-18F1-4CAF-8332-BADBA3E0B80A}.Release|Any CPU.ActiveCfg = Release|Any CPU
		{D76D9BC4-18F1-4CAF-8332-BADBA3E0B80A}.Release|Any CPU.Build.0 = Release|Any CPU
	EndGlobalSection
	GlobalSection(SolutionProperties) = preSolution
		HideSolutionNode = FALSE
	EndGlobalSection
	GlobalSection(ExtensibilityGlobals) = postSolution
		SolutionGuid = {15BF22D5-3F23-4DE6-8F87-51739F2F6DAF}
	EndGlobalSection
EndGlobal
